// !$*UTF8*$!
{
	archiveVersion = 1;
	classes = {
	};
	objectVersion = 77;
	objects = {

/* Begin PBXContainerItemProxy section */
		C08553D42CEEE9CA00F709FA /* PBXContainerItemProxy */ = {
			isa = PBXContainerItemProxy;
			containerPortal = C08553BB2CEEE9C800F709FA /* Project object */;
			proxyType = 1;
			remoteGlobalIDString = C08553C22CEEE9C800F709FA;
			remoteInfo = "MetéoApp";
		};
		C08553DE2CEEE9CA00F709FA /* PBXContainerItemProxy */ = {
			isa = PBXContainerItemProxy;
			containerPortal = C08553BB2CEEE9C800F709FA /* Project object */;
			proxyType = 1;
			remoteGlobalIDString = C08553C22CEEE9C800F709FA;
			remoteInfo = "MetéoApp";
		};
/* End PBXContainerItemProxy section */

/* Begin PBXFileReference section */
		C08553C32CEEE9C800F709FA /* MetéoApp.app */ = {isa = PBXFileReference; explicitFileType = wrapper.application; includeInIndex = 0; path = "MetéoApp.app"; sourceTree = BUILT_PRODUCTS_DIR; };
		C08553D32CEEE9CA00F709FA /* MetéoAppTests.xctest */ = {isa = PBXFileReference; explicitFileType = wrapper.cfbundle; includeInIndex = 0; path = "MetéoAppTests.xctest"; sourceTree = BUILT_PRODUCTS_DIR; };
		C08553DD2CEEE9CA00F709FA /* MetéoAppUITests.xctest */ = {isa = PBXFileReference; explicitFileType = wrapper.cfbundle; includeInIndex = 0; path = "MetéoAppUITests.xctest"; sourceTree = BUILT_PRODUCTS_DIR; };
/* End PBXFileReference section */

/* Begin PBXFileSystemSynchronizedRootGroup section */
		C08553C52CEEE9C800F709FA /* MetéoApp */ = {
			isa = PBXFileSystemSynchronizedRootGroup;
			path = "MetéoApp";
			sourceTree = "<group>";
		};
		C08553D62CEEE9CA00F709FA /* MetéoAppTests */ = {
			isa = PBXFileSystemSynchronizedRootGroup;
			path = "MetéoAppTests";
			sourceTree = "<group>";
		};
		C08553E02CEEE9CA00F709FA /* MetéoAppUITests */ = {
			isa = PBXFileSystemSynchronizedRootGroup;
			path = "MetéoAppUITests";
			sourceTree = "<group>";
		};
/* End PBXFileSystemSynchronizedRootGroup section */

/* Begin PBXFrameworksBuildPhase section */
		C08553C02CEEE9C800F709FA /* Frameworks */ = {
			isa = PBXFrameworksBuildPhase;
			buildActionMask = 2147483647;
			files = (
			);
			runOnlyForDeploymentPostprocessing = 0;
		};
		C08553D02CEEE9CA00F709FA /* Frameworks */ = {
			isa = PBXFrameworksBuildPhase;
			buildActionMask = 2147483647;
			files = (
			);
			runOnlyForDeploymentPostprocessing = 0;
		};
		C08553DA2CEEE9CA00F709FA /* Frameworks */ = {
			isa = PBXFrameworksBuildPhase;
			buildActionMask = 2147483647;
			files = (
			);
			runOnlyForDeploymentPostprocessing = 0;
		};
/* End PBXFrameworksBuildPhase section */

/* Begin PBXGroup section */
		C08553BA2CEEE9C800F709FA = {
			isa = PBXGroup;
			children = (
				C08553C52CEEE9C800F709FA /* MetéoApp */,
				C08553D62CEEE9CA00F709FA /* MetéoAppTests */,
				C08553E02CEEE9CA00F709FA /* MetéoAppUITests */,
				C08553C42CEEE9C800F709FA /* Products */,
			);
			sourceTree = "<group>";
		};
		C08553C42CEEE9C800F709FA /* Products */ = {
			isa = PBXGroup;
			children = (
				C08553C32CEEE9C800F709FA /* MetéoApp.app */,
				C08553D32CEEE9CA00F709FA /* MetéoAppTests.xctest */,
				C08553DD2CEEE9CA00F709FA /* MetéoAppUITests.xctest */,
			);
			name = Products;
			sourceTree = "<group>";
		};
/* End PBXGroup section */

/* Begin PBXNativeTarget section */
		C08553C22CEEE9C800F709FA /* MetéoApp */ = {
			isa = PBXNativeTarget;
			buildConfigurationList = C08553E72CEEE9CA00F709FA /* Build configuration list for PBXNativeTarget "MetéoApp" */;
			buildPhases = (
				C08553BF2CEEE9C800F709FA /* Sources */,
				C08553C02CEEE9C800F709FA /* Frameworks */,
				C08553C12CEEE9C800F709FA /* Resources */,
			);
			buildRules = (
			);
			dependencies = (
			);
			fileSystemSynchronizedGroups = (
				C08553C52CEEE9C800F709FA /* MetéoApp */,
			);
			name = "MetéoApp";
			packageProductDependencies = (
			);
			productName = "MetéoApp";
			productReference = C08553C32CEEE9C800F709FA /* MetéoApp.app */;
			productType = "com.apple.product-type.application";
		};
		C08553D22CEEE9CA00F709FA /* MetéoAppTests */ = {
			isa = PBXNativeTarget;
			buildConfigurationList = C08553EA2CEEE9CA00F709FA /* Build configuration list for PBXNativeTarget "MetéoAppTests" */;
			buildPhases = (
				C08553CF2CEEE9CA00F709FA /* Sources */,
				C08553D02CEEE9CA00F709FA /* Frameworks */,
				C08553D12CEEE9CA00F709FA /* Resources */,
			);
			buildRules = (
			);
			dependencies = (
				C08553D52CEEE9CA00F709FA /* PBXTargetDependency */,
			);
			fileSystemSynchronizedGroups = (
				C08553D62CEEE9CA00F709FA /* MetéoAppTests */,
			);
			name = "MetéoAppTests";
			packageProductDependencies = (
			);
			productName = "MetéoAppTests";
			productReference = C08553D32CEEE9CA00F709FA /* MetéoAppTests.xctest */;
			productType = "com.apple.product-type.bundle.unit-test";
		};
		C08553DC2CEEE9CA00F709FA /* MetéoAppUITests */ = {
			isa = PBXNativeTarget;
			buildConfigurationList = C08553ED2CEEE9CA00F709FA /* Build configuration list for PBXNativeTarget "MetéoAppUITests" */;
			buildPhases = (
				C08553D92CEEE9CA00F709FA /* Sources */,
				C08553DA2CEEE9CA00F709FA /* Frameworks */,
				C08553DB2CEEE9CA00F709FA /* Resources */,
			);
			buildRules = (
			);
			dependencies = (
				C08553DF2CEEE9CA00F709FA /* PBXTargetDependency */,
			);
			fileSystemSynchronizedGroups = (
				C08553E02CEEE9CA00F709FA /* MetéoAppUITests */,
			);
			name = "MetéoAppUITests";
			packageProductDependencies = (
			);
			productName = "MetéoAppUITests";
			productReference = C08553DD2CEEE9CA00F709FA /* MetéoAppUITests.xctest */;
			productType = "com.apple.product-type.bundle.ui-testing";
		};
/* End PBXNativeTarget section */

/* Begin PBXProject section */
		C08553BB2CEEE9C800F709FA /* Project object */ = {
			isa = PBXProject;
			attributes = {
				BuildIndependentTargetsInParallel = 1;
				LastSwiftUpdateCheck = 1610;
				LastUpgradeCheck = 1610;
				TargetAttributes = {
					C08553C22CEEE9C800F709FA = {
						CreatedOnToolsVersion = 16.1;
					};
					C08553D22CEEE9CA00F709FA = {
						CreatedOnToolsVersion = 16.1;
						TestTargetID = C08553C22CEEE9C800F709FA;
					};
					C08553DC2CEEE9CA00F709FA = {
						CreatedOnToolsVersion = 16.1;
						TestTargetID = C08553C22CEEE9C800F709FA;
					};
				};
			};
			buildConfigurationList = C08553BE2CEEE9C800F709FA /* Build configuration list for PBXProject "MetéoApp" */;
			developmentRegion = en;
			hasScannedForEncodings = 0;
			knownRegions = (
				en,
				Base,
			);
			mainGroup = C08553BA2CEEE9C800F709FA;
			minimizedProjectReferenceProxies = 1;
			preferredProjectObjectVersion = 77;
			productRefGroup = C08553C42CEEE9C800F709FA /* Products */;
			projectDirPath = "";
			projectRoot = "";
			targets = (
				C08553C22CEEE9C800F709FA /* MetéoApp */,
				C08553D22CEEE9CA00F709FA /* MetéoAppTests */,
				C08553DC2CEEE9CA00F709FA /* MetéoAppUITests */,
			);
		};
/* End PBXProject section */

/* Begin PBXResourcesBuildPhase section */
		C08553C12CEEE9C800F709FA /* Resources */ = {
			isa = PBXResourcesBuildPhase;
			buildActionMask = 2147483647;
			files = (
			);
			runOnlyForDeploymentPostprocessing = 0;
		};
		C08553D12CEEE9CA00F709FA /* Resources */ = {
			isa = PBXResourcesBuildPhase;
			buildActionMask = 2147483647;
			files = (
			);
			runOnlyForDeploymentPostprocessing = 0;
		};
		C08553DB2CEEE9CA00F709FA /* Resources */ = {
			isa = PBXResourcesBuildPhase;
			buildActionMask = 2147483647;
			files = (
			);
			runOnlyForDeploymentPostprocessing = 0;
		};
/* End PBXResourcesBuildPhase section */

/* Begin PBXSourcesBuildPhase section */
		C08553BF2CEEE9C800F709FA /* Sources */ = {
			isa = PBXSourcesBuildPhase;
			buildActionMask = 2147483647;
			files = (
			);
			runOnlyForDeploymentPostprocessing = 0;
		};
		C08553CF2CEEE9CA00F709FA /* Sources */ = {
			isa = PBXSourcesBuildPhase;
			buildActionMask = 2147483647;
			files = (
			);
			runOnlyForDeploymentPostprocessing = 0;
		};
		C08553D92CEEE9CA00F709FA /* Sources */ = {
			isa = PBXSourcesBuildPhase;
			buildActionMask = 2147483647;
			files = (
			);
			runOnlyForDeploymentPostprocessing = 0;
		};
/* End PBXSourcesBuildPhase section */

/* Begin PBXTargetDependency section */
		C08553D52CEEE9CA00F709FA /* PBXTargetDependency */ = {
			isa = PBXTargetDependency;
			target = C08553C22CEEE9C800F709FA /* MetéoApp */;
			targetProxy = C08553D42CEEE9CA00F709FA /* PBXContainerItemProxy */;
		};
		C08553DF2CEEE9CA00F709FA /* PBXTargetDependency */ = {
			isa = PBXTargetDependency;
			target = C08553C22CEEE9C800F709FA /* MetéoApp */;
			targetProxy = C08553DE2CEEE9CA00F709FA /* PBXContainerItemProxy */;
		};
/* End PBXTargetDependency section */

/* Begin XCBuildConfiguration section */
		C08553E52CEEE9CA00F709FA /* Debug */ = {
			isa = XCBuildConfiguration;
			buildSettings = {
				ALWAYS_SEARCH_USER_PATHS = NO;
				ASSETCATALOG_COMPILER_GENERATE_SWIFT_ASSET_SYMBOL_EXTENSIONS = YES;
				CLANG_ANALYZER_NONNULL = YES;
				CLANG_ANALYZER_NUMBER_OBJECT_CONVERSION = YES_AGGRESSIVE;
				CLANG_CXX_LANGUAGE_STANDARD = "gnu++20";
				CLANG_ENABLE_MODULES = YES;
				CLANG_ENABLE_OBJC_ARC = YES;
				CLANG_ENABLE_OBJC_WEAK = YES;
				CLANG_WARN_BLOCK_CAPTURE_AUTORELEASING = YES;
				CLANG_WARN_BOOL_CONVERSION = YES;
				CLANG_WARN_COMMA = YES;
				CLANG_WARN_CONSTANT_CONVERSION = YES;
				CLANG_WARN_DEPRECATED_OBJC_IMPLEMENTATIONS = YES;
				CLANG_WARN_DIRECT_OBJC_ISA_USAGE = YES_ERROR;
				CLANG_WARN_DOCUMENTATION_COMMENTS = YES;
				CLANG_WARN_EMPTY_BODY = YES;
				CLANG_WARN_ENUM_CONVERSION = YES;
				CLANG_WARN_INFINITE_RECURSION = YES;
				CLANG_WARN_INT_CONVERSION = YES;
				CLANG_WARN_NON_LITERAL_NULL_CONVERSION = YES;
				CLANG_WARN_OBJC_IMPLICIT_RETAIN_SELF = YES;
				CLANG_WARN_OBJC_LITERAL_CONVERSION = YES;
				CLANG_WARN_OBJC_ROOT_CLASS = YES_ERROR;
				CLANG_WARN_QUOTED_INCLUDE_IN_FRAMEWORK_HEADER = YES;
				CLANG_WARN_RANGE_LOOP_ANALYSIS = YES;
				CLANG_WARN_STRICT_PROTOTYPES = YES;
				CLANG_WARN_SUSPICIOUS_MOVE = YES;
				CLANG_WARN_UNGUARDED_AVAILABILITY = YES_AGGRESSIVE;
				CLANG_WARN_UNREACHABLE_CODE = YES;
				CLANG_WARN__DUPLICATE_METHOD_MATCH = YES;
				COPY_PHASE_STRIP = NO;
				DEBUG_INFORMATION_FORMAT = dwarf;
				ENABLE_STRICT_OBJC_MSGSEND = YES;
				ENABLE_TESTABILITY = YES;
				ENABLE_USER_SCRIPT_SANDBOXING = YES;
				GCC_C_LANGUAGE_STANDARD = gnu17;
				GCC_DYNAMIC_NO_PIC = NO;
				GCC_NO_COMMON_BLOCKS = YES;
				GCC_OPTIMIZATION_LEVEL = 0;
				GCC_PREPROCESSOR_DEFINITIONS = (
					"DEBUG=1",
					"$(inherited)",
				);
				GCC_WARN_64_TO_32_BIT_CONVERSION = YES;
				GCC_WARN_ABOUT_RETURN_TYPE = YES_ERROR;
				GCC_WARN_UNDECLARED_SELECTOR = YES;
				GCC_WARN_UNINITIALIZED_AUTOS = YES_AGGRESSIVE;
				GCC_WARN_UNUSED_FUNCTION = YES;
				GCC_WARN_UNUSED_VARIABLE = YES;
				IPHONEOS_DEPLOYMENT_TARGET = 18.1;
				LOCALIZATION_PREFERS_STRING_CATALOGS = YES;
				MTL_ENABLE_DEBUG_INFO = INCLUDE_SOURCE;
				MTL_FAST_MATH = YES;
				ONLY_ACTIVE_ARCH = YES;
				SDKROOT = iphoneos;
				SWIFT_ACTIVE_COMPILATION_CONDITIONS = "DEBUG $(inherited)";
				SWIFT_OPTIMIZATION_LEVEL = "-Onone";
			};
			name = Debug;
		};
		C08553E62CEEE9CA00F709FA /* Release */ = {
			isa = XCBuildConfiguration;
			buildSettings = {
				ALWAYS_SEARCH_USER_PATHS = NO;
				ASSETCATALOG_COMPILER_GENERATE_SWIFT_ASSET_SYMBOL_EXTENSIONS = YES;
				CLANG_ANALYZER_NONNULL = YES;
				CLANG_ANALYZER_NUMBER_OBJECT_CONVERSION = YES_AGGRESSIVE;
				CLANG_CXX_LANGUAGE_STANDARD = "gnu++20";
				CLANG_ENABLE_MODULES = YES;
				CLANG_ENABLE_OBJC_ARC = YES;
				CLANG_ENABLE_OBJC_WEAK = YES;
				CLANG_WARN_BLOCK_CAPTURE_AUTORELEASING = YES;
				CLANG_WARN_BOOL_CONVERSION = YES;
				CLANG_WARN_COMMA = YES;
				CLANG_WARN_CONSTANT_CONVERSION = YES;
				CLANG_WARN_DEPRECATED_OBJC_IMPLEMENTATIONS = YES;
				CLANG_WARN_DIRECT_OBJC_ISA_USAGE = YES_ERROR;
				CLANG_WARN_DOCUMENTATION_COMMENTS = YES;
				CLANG_WARN_EMPTY_BODY = YES;
				CLANG_WARN_ENUM_CONVERSION = YES;
				CLANG_WARN_INFINITE_RECURSION = YES;
				CLANG_WARN_INT_CONVERSION = YES;
				CLANG_WARN_NON_LITERAL_NULL_CONVERSION = YES;
				CLANG_WARN_OBJC_IMPLICIT_RETAIN_SELF = YES;
				CLANG_WARN_OBJC_LITERAL_CONVERSION = YES;
				CLANG_WARN_OBJC_ROOT_CLASS = YES_ERROR;
				CLANG_WARN_QUOTED_INCLUDE_IN_FRAMEWORK_HEADER = YES;
				CLANG_WARN_RANGE_LOOP_ANALYSIS = YES;
				CLANG_WARN_STRICT_PROTOTYPES = YES;
				CLANG_WARN_SUSPICIOUS_MOVE = YES;
				CLANG_WARN_UNGUARDED_AVAILABILITY = YES_AGGRESSIVE;
				CLANG_WARN_UNREACHABLE_CODE = YES;
				CLANG_WARN__DUPLICATE_METHOD_MATCH = YES;
				COPY_PHASE_STRIP = NO;
				DEBUG_INFORMATION_FORMAT = "dwarf-with-dsym";
				ENABLE_NS_ASSERTIONS = NO;
				ENABLE_STRICT_OBJC_MSGSEND = YES;
				ENABLE_USER_SCRIPT_SANDBOXING = YES;
				GCC_C_LANGUAGE_STANDARD = gnu17;
				GCC_NO_COMMON_BLOCKS = YES;
				GCC_WARN_64_TO_32_BIT_CONVERSION = YES;
				GCC_WARN_ABOUT_RETURN_TYPE = YES_ERROR;
				GCC_WARN_UNDECLARED_SELECTOR = YES;
				GCC_WARN_UNINITIALIZED_AUTOS = YES_AGGRESSIVE;
				GCC_WARN_UNUSED_FUNCTION = YES;
				GCC_WARN_UNUSED_VARIABLE = YES;
				IPHONEOS_DEPLOYMENT_TARGET = 18.1;
				LOCALIZATION_PREFERS_STRING_CATALOGS = YES;
				MTL_ENABLE_DEBUG_INFO = NO;
				MTL_FAST_MATH = YES;
				SDKROOT = iphoneos;
				SWIFT_COMPILATION_MODE = wholemodule;
				VALIDATE_PRODUCT = YES;
			};
			name = Release;
		};
		C08553E82CEEE9CA00F709FA /* Debug */ = {
			isa = XCBuildConfiguration;
			buildSettings = {
				ASSETCATALOG_COMPILER_APPICON_NAME = AppIcon;
				ASSETCATALOG_COMPILER_GLOBAL_ACCENT_COLOR_NAME = AccentColor;
				CODE_SIGN_STYLE = Automatic;
				CURRENT_PROJECT_VERSION = 1;
				DEVELOPMENT_ASSET_PATHS = "\"MetéoApp/Preview Content\"";
				DEVELOPMENT_TEAM = 4DU76H96MR;
				ENABLE_PREVIEWS = YES;
				GENERATE_INFOPLIST_FILE = YES;
				INFOPLIST_KEY_UIApplicationSceneManifest_Generation = YES;
				INFOPLIST_KEY_UIApplicationSupportsIndirectInputEvents = YES;
				INFOPLIST_KEY_UILaunchScreen_Generation = YES;
				INFOPLIST_KEY_UISupportedInterfaceOrientations_iPad = "UIInterfaceOrientationPortrait UIInterfaceOrientationPortraitUpsideDown UIInterfaceOrientationLandscapeLeft UIInterfaceOrientationLandscapeRight";
				INFOPLIST_KEY_UISupportedInterfaceOrientations_iPhone = "UIInterfaceOrientationPortrait UIInterfaceOrientationLandscapeLeft UIInterfaceOrientationLandscapeRight";
				LD_RUNPATH_SEARCH_PATHS = (
					"$(inherited)",
					"@executable_path/Frameworks",
				);
				MARKETING_VERSION = 1.0;
				PRODUCT_BUNDLE_IDENTIFIER = "Mete-oApp.Mete-oApp";
				PRODUCT_NAME = "$(TARGET_NAME)";
				SWIFT_EMIT_LOC_STRINGS = YES;
				SWIFT_VERSION = 5.0;
				TARGETED_DEVICE_FAMILY = "1,2";
			};
			name = Debug;
		};
		C08553E92CEEE9CA00F709FA /* Release */ = {
			isa = XCBuildConfiguration;
			buildSettings = {
				ASSETCATALOG_COMPILER_APPICON_NAME = AppIcon;
				ASSETCATALOG_COMPILER_GLOBAL_ACCENT_COLOR_NAME = AccentColor;
				CODE_SIGN_STYLE = Automatic;
				CURRENT_PROJECT_VERSION = 1;
				DEVELOPMENT_ASSET_PATHS = "\"MetéoApp/Preview Content\"";
				DEVELOPMENT_TEAM = 4DU76H96MR;
				ENABLE_PREVIEWS = YES;
				GENERATE_INFOPLIST_FILE = YES;
				INFOPLIST_KEY_UIApplicationSceneManifest_Generation = YES;
				INFOPLIST_KEY_UIApplicationSupportsIndirectInputEvents = YES;
				INFOPLIST_KEY_UILaunchScreen_Generation = YES;
				INFOPLIST_KEY_UISupportedInterfaceOrientations_iPad = "UIInterfaceOrientationPortrait UIInterfaceOrientationPortraitUpsideDown UIInterfaceOrientationLandscapeLeft UIInterfaceOrientationLandscapeRight";
				INFOPLIST_KEY_UISupportedInterfaceOrientations_iPhone = "UIInterfaceOrientationPortrait UIInterfaceOrientationLandscapeLeft UIInterfaceOrientationLandscapeRight";
				LD_RUNPATH_SEARCH_PATHS = (
					"$(inherited)",
					"@executable_path/Frameworks",
				);
				MARKETING_VERSION = 1.0;
				PRODUCT_BUNDLE_IDENTIFIER = "Mete-oApp.Mete-oApp";
				PRODUCT_NAME = "$(TARGET_NAME)";
				SWIFT_EMIT_LOC_STRINGS = YES;
				SWIFT_VERSION = 5.0;
				TARGETED_DEVICE_FAMILY = "1,2";
			};
			name = Release;
		};
		C08553EB2CEEE9CA00F709FA /* Debug */ = {
			isa = XCBuildConfiguration;
			buildSettings = {
				BUNDLE_LOADER = "$(TEST_HOST)";
				CODE_SIGN_STYLE = Automatic;
				CURRENT_PROJECT_VERSION = 1;
				DEVELOPMENT_TEAM = 4DU76H96MR;
				GENERATE_INFOPLIST_FILE = YES;
				IPHONEOS_DEPLOYMENT_TARGET = 18.1;
				MARKETING_VERSION = 1.0;
				PRODUCT_BUNDLE_IDENTIFIER = "Mete-oApp.Mete-oAppTests";
				PRODUCT_NAME = "$(TARGET_NAME)";
				SWIFT_EMIT_LOC_STRINGS = NO;
				SWIFT_VERSION = 5.0;
				TARGETED_DEVICE_FAMILY = "1,2";
				TEST_HOST = "$(BUILT_PRODUCTS_DIR)/MetéoApp.app/$(BUNDLE_EXECUTABLE_FOLDER_PATH)/MetéoApp";
			};
			name = Debug;
		};
		C08553EC2CEEE9CA00F709FA /* Release */ = {
			isa = XCBuildConfiguration;
			buildSettings = {
				BUNDLE_LOADER = "$(TEST_HOST)";
				CODE_SIGN_STYLE = Automatic;
				CURRENT_PROJECT_VERSION = 1;
				DEVELOPMENT_TEAM = 4DU76H96MR;
				GENERATE_INFOPLIST_FILE = YES;
				IPHONEOS_DEPLOYMENT_TARGET = 18.1;
				MARKETING_VERSION = 1.0;
				PRODUCT_BUNDLE_IDENTIFIER = "Mete-oApp.Mete-oAppTests";
				PRODUCT_NAME = "$(TARGET_NAME)";
				SWIFT_EMIT_LOC_STRINGS = NO;
				SWIFT_VERSION = 5.0;
				TARGETED_DEVICE_FAMILY = "1,2";
				TEST_HOST = "$(BUILT_PRODUCTS_DIR)/MetéoApp.app/$(BUNDLE_EXECUTABLE_FOLDER_PATH)/MetéoApp";
			};
			name = Release;
		};
		C08553EE2CEEE9CA00F709FA /* Debug */ = {
			isa = XCBuildConfiguration;
			buildSettings = {
				CODE_SIGN_STYLE = Automatic;
				CURRENT_PROJECT_VERSION = 1;
				DEVELOPMENT_TEAM = 4DU76H96MR;
				GENERATE_INFOPLIST_FILE = YES;
				MARKETING_VERSION = 1.0;
				PRODUCT_BUNDLE_IDENTIFIER = "Mete-oApp.Mete-oAppUITests";
				PRODUCT_NAME = "$(TARGET_NAME)";
				SWIFT_EMIT_LOC_STRINGS = NO;
				SWIFT_VERSION = 5.0;
				TARGETED_DEVICE_FAMILY = "1,2";
				TEST_TARGET_NAME = "MetéoApp";
			};
			name = Debug;
		};
		C08553EF2CEEE9CA00F709FA /* Release */ = {
			isa = XCBuildConfiguration;
			buildSettings = {
				CODE_SIGN_STYLE = Automatic;
				CURRENT_PROJECT_VERSION = 1;
				DEVELOPMENT_TEAM = 4DU76H96MR;
				GENERATE_INFOPLIST_FILE = YES;
				MARKETING_VERSION = 1.0;
				PRODUCT_BUNDLE_IDENTIFIER = "Mete-oApp.Mete-oAppUITests";
				PRODUCT_NAME = "$(TARGET_NAME)";
				SWIFT_EMIT_LOC_STRINGS = NO;
				SWIFT_VERSION = 5.0;
				TARGETED_DEVICE_FAMILY = "1,2";
				TEST_TARGET_NAME = "MetéoApp";
			};
			name = Release;
		};
/* End XCBuildConfiguration section */

/* Begin XCConfigurationList section */
		C08553BE2CEEE9C800F709FA /* Build configuration list for PBXProject "MetéoApp" */ = {
			isa = XCConfigurationList;
			buildConfigurations = (
				C08553E52CEEE9CA00F709FA /* Debug */,
				C08553E62CEEE9CA00F709FA /* Release */,
			);
			defaultConfigurationIsVisible = 0;
			defaultConfigurationName = Release;
		};
		C08553E72CEEE9CA00F709FA /* Build configuration list for PBXNativeTarget "MetéoApp" */ = {
			isa = XCConfigurationList;
			buildConfigurations = (
				C08553E82CEEE9CA00F709FA /* Debug */,
				C08553E92CEEE9CA00F709FA /* Release */,
			);
			defaultConfigurationIsVisible = 0;
			defaultConfigurationName = Release;
		};
		C08553EA2CEEE9CA00F709FA /* Build configuration list for PBXNativeTarget "MetéoAppTests" */ = {
			isa = XCConfigurationList;
			buildConfigurations = (
				C08553EB2CEEE9CA00F709FA /* Debug */,
				C08553EC2CEEE9CA00F709FA /* Release */,
			);
			defaultConfigurationIsVisible = 0;
			defaultConfigurationName = Release;
		};
		C08553ED2CEEE9CA00F709FA /* Build configuration list for PBXNativeTarget "MetéoAppUITests" */ = {
			isa = XCConfigurationList;
			buildConfigurations = (
				C08553EE2CEEE9CA00F709FA /* Debug */,
				C08553EF2CEEE9CA00F709FA /* Release */,
			);
			defaultConfigurationIsVisible = 0;
			defaultConfigurationName = Release;
		};
/* End XCConfigurationList section */
	};
	rootObject = C08553BB2CEEE9C800F709FA /* Project object */;
}
